
Microsoft Visual Studio Solution File, Format Version 12.00
# Visual Studio Version 16
VisualStudioVersion = 16.0.31702.278
MinimumVisualStudioVersion = 10.0.40219.1
Project("{FAE04EC0-301F-11D3-BF4B-00C04F79EFBC}") = "BubbleSortProblem", "BubbleSortProblem\BubbleSortProblem.csproj", "{FEA6B714-DDDC-41EE-A42C-47B1C01C4B2E}"
EndProject
Global
	GlobalSection(SolutionConfigurationPlatforms) = preSolution
		Debug|Any CPU = Debug|Any CPU
		Release|Any CPU = Release|Any CPU
	EndGlobalSection
	GlobalSection(ProjectConfigurationPlatforms) = postSolution
		{FEA6B714-DDDC-41EE-A42C-47B1C01C4B2E}.Debug|Any CPU.ActiveCfg = Debug|Any CPU
		{FEA6B714-DDDC-41EE-A42C-47B1C01C4B2E}.Debug|Any CPU.Build.0 = Debug|Any CPU
		{FEA6B714-DDDC-41EE-A42C-47B1C01C4B2E}.Release|Any CPU.ActiveCfg = Release|Any CPU
		{FEA6B714-DDDC-41EE-A42C-47B1C01C4B2E}.Release|Any CPU.Build.0 = Release|Any CPU
	EndGlobalSection
	GlobalSection(SolutionProperties) = preSolution
		HideSolutionNode = FALSE
	EndGlobalSection
	GlobalSection(ExtensibilityGlobals) = postSolution
		SolutionGuid = {7FEB4991-5C0E-4381-8EEA-E460A1554CD3}
	EndGlobalSection
EndGlobal
